
Microsoft Visual Studio Solution File, Format Version 12.00
# Visual Studio Version 16
VisualStudioVersion = 16.0.29509.3
MinimumVisualStudioVersion = 10.0.40219.1
Project("{9A19103F-16F7-4668-BE54-9A1E7A4F7556}") = "TiendaElextronica Exámen", "TiendaElextronica\TiendaElextronica Exámen.csproj", "{3580817D-C50C-4593-89F5-D49DE3BDCAB8}"
EndProject
Global
	GlobalSection(SolutionConfigurationPlatforms) = preSolution
		Debug|Any CPU = Debug|Any CPU
		Release|Any CPU = Release|Any CPU
	EndGlobalSection
	GlobalSection(ProjectConfigurationPlatforms) = postSolution
		{3580817D-C50C-4593-89F5-D49DE3BDCAB8}.Debug|Any CPU.ActiveCfg = Debug|Any CPU
		{3580817D-C50C-4593-89F5-D49DE3BDCAB8}.Debug|Any CPU.Build.0 = Debug|Any CPU
		{3580817D-C50C-4593-89F5-D49DE3BDCAB8}.Release|Any CPU.ActiveCfg = Release|Any CPU
		{3580817D-C50C-4593-89F5-D49DE3BDCAB8}.Release|Any CPU.Build.0 = Release|Any CPU
	EndGlobalSection
	GlobalSection(SolutionProperties) = preSolution
		HideSolutionNode = FALSE
	EndGlobalSection
	GlobalSection(ExtensibilityGlobals) = postSolution
		SolutionGuid = {D2D93960-6B6B-4E1E-9DD2-EE32CFAC9271}
	EndGlobalSection
EndGlobal
